// !$*UTF8*$!
{
	archiveVersion = 1;
	classes = {
	};
	objectVersion = 50;
	objects = {

/* Begin PBXBuildFile section */
		F23B20FD24DF3B1C0081A48A /* AppDelegate.swift in Sources */ = {isa = PBXBuildFile; fileRef = F23B20FC24DF3B1C0081A48A /* AppDelegate.swift */; };
		F23B20FF24DF3B1C0081A48A /* SceneDelegate.swift in Sources */ = {isa = PBXBuildFile; fileRef = F23B20FE24DF3B1C0081A48A /* SceneDelegate.swift */; };
		F23B210124DF3B1C0081A48A /* TodoListViewController.swift in Sources */ = {isa = PBXBuildFile; fileRef = F23B210024DF3B1C0081A48A /* TodoListViewController.swift */; };
		F23B210424DF3B1C0081A48A /* Main.storyboard in Resources */ = {isa = PBXBuildFile; fileRef = F23B210224DF3B1C0081A48A /* Main.storyboard */; };
		F23B210624DF3B1D0081A48A /* Assets.xcassets in Resources */ = {isa = PBXBuildFile; fileRef = F23B210524DF3B1D0081A48A /* Assets.xcassets */; };
		F23B210924DF3B1D0081A48A /* LaunchScreen.storyboard in Resources */ = {isa = PBXBuildFile; fileRef = F23B210724DF3B1D0081A48A /* LaunchScreen.storyboard */; };
		F23B211424E0E3AD0081A48A /* Item.swift in Sources */ = {isa = PBXBuildFile; fileRef = F23B211324E0E3AD0081A48A /* Item.swift */; };
/* End PBXBuildFile section */

/* Begin PBXFileReference section */
		F23B20F924DF3B1C0081A48A /* ToDoey.app */ = {isa = PBXFileReference; explicitFileType = wrapper.application; includeInIndex = 0; path = ToDoey.app; sourceTree = BUILT_PRODUCTS_DIR; };
		F23B20FC24DF3B1C0081A48A /* AppDelegate.swift */ = {isa = PBXFileReference; lastKnownFileType = sourcecode.swift; path = AppDelegate.swift; sourceTree = "<group>"; };
		F23B20FE24DF3B1C0081A48A /* SceneDelegate.swift */ = {isa = PBXFileReference; lastKnownFileType = sourcecode.swift; path = SceneDelegate.swift; sourceTree = "<group>"; };
		F23B210024DF3B1C0081A48A /* TodoListViewController.swift */ = {isa = PBXFileReference; lastKnownFileType = sourcecode.swift; path = TodoListViewController.swift; sourceTree = "<group>"; };
		F23B210324DF3B1C0081A48A /* Base */ = {isa = PBXFileReference; lastKnownFileType = file.storyboard; name = Base; path = Base.lproj/Main.storyboard; sourceTree = "<group>"; };
		F23B210524DF3B1D0081A48A /* Assets.xcassets */ = {isa = PBXFileReference; lastKnownFileType = folder.assetcatalog; path = Assets.xcassets; sourceTree = "<group>"; };
		F23B210824DF3B1D0081A48A /* Base */ = {isa = PBXFileReference; lastKnownFileType = file.storyboard; name = Base; path = Base.lproj/LaunchScreen.storyboard; sourceTree = "<group>"; };
		F23B210A24DF3B1D0081A48A /* Info.plist */ = {isa = PBXFileReference; lastKnownFileType = text.plist.xml; path = Info.plist; sourceTree = "<group>"; };
		F23B211324E0E3AD0081A48A /* Item.swift */ = {isa = PBXFileReference; lastKnownFileType = sourcecode.swift; name = Item.swift; path = ToDoey/Model/Item.swift; sourceTree = SOURCE_ROOT; };
/* End PBXFileReference section */

/* Begin PBXFrameworksBuildPhase section */
		F23B20F624DF3B1C0081A48A /* Frameworks */ = {
			isa = PBXFrameworksBuildPhase;
			buildActionMask = 2147483647;
			files = (
			);
			runOnlyForDeploymentPostprocessing = 0;
		};
/* End PBXFrameworksBuildPhase section */

/* Begin PBXGroup section */
		F23B20F024DF3B1C0081A48A = {
			isa = PBXGroup;
			children = (
				F23B20FB24DF3B1C0081A48A /* ToDoey */,
				F23B20FA24DF3B1C0081A48A /* Products */,
			);
			sourceTree = "<group>";
		};
		F23B20FA24DF3B1C0081A48A /* Products */ = {
			isa = PBXGroup;
			children = (
				F23B20F924DF3B1C0081A48A /* ToDoey.app */,
			);
			name = Products;
			sourceTree = "<group>";
		};
		F23B20FB24DF3B1C0081A48A /* ToDoey */ = {
			isa = PBXGroup;
			children = (
				F23B20FC24DF3B1C0081A48A /* AppDelegate.swift */,
				F23B211124E0E3580081A48A /* Controllers */,
				F23B211024E0E34C0081A48A /* Model */,
				F23B211224E0E3770081A48A /* Views */,
				F23B20FE24DF3B1C0081A48A /* SceneDelegate.swift */,
				F23B210524DF3B1D0081A48A /* Assets.xcassets */,
				F23B210724DF3B1D0081A48A /* LaunchScreen.storyboard */,
				F23B210A24DF3B1D0081A48A /* Info.plist */,
			);
			path = ToDoey;
			sourceTree = "<group>";
		};
		F23B211024E0E34C0081A48A /* Model */ = {
			isa = PBXGroup;
			children = (
				F23B211324E0E3AD0081A48A /* Item.swift */,
			);
			path = Model;
			sourceTree = "<group>";
		};
		F23B211124E0E3580081A48A /* Controllers */ = {
			isa = PBXGroup;
			children = (
				F23B210024DF3B1C0081A48A /* TodoListViewController.swift */,
			);
			path = Controllers;
			sourceTree = "<group>";
		};
		F23B211224E0E3770081A48A /* Views */ = {
			isa = PBXGroup;
			children = (
				F23B210224DF3B1C0081A48A /* Main.storyboard */,
			);
			path = Views;
			sourceTree = "<group>";
		};
/* End PBXGroup section */

/* Begin PBXNativeTarget section */
		F23B20F824DF3B1C0081A48A /* ToDoey */ = {
			isa = PBXNativeTarget;
			buildConfigurationList = F23B210D24DF3B1D0081A48A /* Build configuration list for PBXNativeTarget "ToDoey" */;
			buildPhases = (
				F23B20F524DF3B1C0081A48A /* Sources */,
				F23B20F624DF3B1C0081A48A /* Frameworks */,
				F23B20F724DF3B1C0081A48A /* Resources */,
			);
			buildRules = (
			);
			dependencies = (
			);
			name = ToDoey;
			productName = ToDoey;
			productReference = F23B20F924DF3B1C0081A48A /* ToDoey.app */;
			productType = "com.apple.product-type.application";
		};
/* End PBXNativeTarget section */

/* Begin PBXProject section */
		F23B20F124DF3B1C0081A48A /* Project object */ = {
			isa = PBXProject;
			attributes = {
				LastSwiftUpdateCheck = 1160;
				LastUpgradeCheck = 1160;
				ORGANIZATIONNAME = "Mac Ens";
				TargetAttributes = {
					F23B20F824DF3B1C0081A48A = {
						CreatedOnToolsVersion = 11.6;
					};
				};
			};
			buildConfigurationList = F23B20F424DF3B1C0081A48A /* Build configuration list for PBXProject "ToDoey" */;
			compatibilityVersion = "Xcode 9.3";
			developmentRegion = en;
			hasScannedForEncodings = 0;
			knownRegions = (
				en,
				Base,
			);
			mainGroup = F23B20F024DF3B1C0081A48A;
			productRefGroup = F23B20FA24DF3B1C0081A48A /* Products */;
			projectDirPath = "";
			projectRoot = "";
			targets = (
				F23B20F824DF3B1C0081A48A /* ToDoey */,
			);
		};
/* End PBXProject section */

/* Begin PBXResourcesBuildPhase section */
		F23B20F724DF3B1C0081A48A /* Resources */ = {
			isa = PBXResourcesBuildPhase;
			buildActionMask = 2147483647;
			files = (
				F23B210924DF3B1D0081A48A /* LaunchScreen.storyboard in Resources */,
				F23B210624DF3B1D0081A48A /* Assets.xcassets in Resources */,
				F23B210424DF3B1C0081A48A /* Main.storyboard in Resources */,
			);
			runOnlyForDeploymentPostprocessing = 0;
		};
/* End PBXResourcesBuildPhase section */

/* Begin PBXSourcesBuildPhase section */
		F23B20F524DF3B1C0081A48A /* Sources */ = {
			isa = PBXSourcesBuildPhase;
			buildActionMask = 2147483647;
			files = (
				F23B211424E0E3AD0081A48A /* Item.swift in Sources */,
				F23B210124DF3B1C0081A48A /* TodoListViewController.swift in Sources */,
				F23B20FD24DF3B1C0081A48A /* AppDelegate.swift in Sources */,
				F23B20FF24DF3B1C0081A48A /* SceneDelegate.swift in Sources */,
			);
			runOnlyForDeploymentPostprocessing = 0;
		};
/* End PBXSourcesBuildPhase section */

/* Begin PBXVariantGroup section */
		F23B210224DF3B1C0081A48A /* Main.storyboard */ = {
			isa = PBXVariantGroup;
			children = (
				F23B210324DF3B1C0081A48A /* Base */,
			);
			name = Main.storyboard;
			sourceTree = "<group>";
		};
		F23B210724DF3B1D0081A48A /* LaunchScreen.storyboard */ = {
			isa = PBXVariantGroup;
			children = (
				F23B210824DF3B1D0081A48A /* Base */,
			);
			name = LaunchScreen.storyboard;
			sourceTree = "<group>";
		};
/* End PBXVariantGroup section */

/* Begin XCBuildConfiguration section */
		F23B210B24DF3B1D0081A48A /* Debug */ = {
			isa = XCBuildConfiguration;
			buildSettings = {
				ALWAYS_SEARCH_USER_PATHS = NO;
				CLANG_ANALYZER_NONNULL = YES;
				CLANG_ANALYZER_NUMBER_OBJECT_CONVERSION = YES_AGGRESSIVE;
				CLANG_CXX_LANGUAGE_STANDARD = "gnu++14";
				CLANG_CXX_LIBRARY = "libc++";
				CLANG_ENABLE_MODULES = YES;
				CLANG_ENABLE_OBJC_ARC = YES;
				CLANG_ENABLE_OBJC_WEAK = YES;
				CLANG_WARN_BLOCK_CAPTURE_AUTORELEASING = YES;
				CLANG_WARN_BOOL_CONVERSION = YES;
				CLANG_WARN_COMMA = YES;
				CLANG_WARN_CONSTANT_CONVERSION = YES;
				CLANG_WARN_DEPRECATED_OBJC_IMPLEMENTATIONS = YES;
				CLANG_WARN_DIRECT_OBJC_ISA_USAGE = YES_ERROR;
				CLANG_WARN_DOCUMENTATION_COMMENTS = YES;
				CLANG_WARN_EMPTY_BODY = YES;
				CLANG_WARN_ENUM_CONVERSION = YES;
				CLANG_WARN_INFINITE_RECURSION = YES;
				CLANG_WARN_INT_CONVERSION = YES;
				CLANG_WARN_NON_LITERAL_NULL_CONVERSION = YES;
				CLANG_WARN_OBJC_IMPLICIT_RETAIN_SELF = YES;
				CLANG_WARN_OBJC_LITERAL_CONVERSION = YES;
				CLANG_WARN_OBJC_ROOT_CLASS = YES_ERROR;
				CLANG_WARN_RANGE_LOOP_ANALYSIS = YES;
				CLANG_WARN_STRICT_PROTOTYPES = YES;
				CLANG_WARN_SUSPICIOUS_MOVE = YES;
				CLANG_WARN_UNGUARDED_AVAILABILITY = YES_AGGRESSIVE;
				CLANG_WARN_UNREACHABLE_CODE = YES;
				CLANG_WARN__DUPLICATE_METHOD_MATCH = YES;
				COPY_PHASE_STRIP = NO;
				DEBUG_INFORMATION_FORMAT = dwarf;
				ENABLE_STRICT_OBJC_MSGSEND = YES;
				ENABLE_TESTABILITY = YES;
				GCC_C_LANGUAGE_STANDARD = gnu11;
				GCC_DYNAMIC_NO_PIC = NO;
				GCC_NO_COMMON_BLOCKS = YES;
				GCC_OPTIMIZATION_LEVEL = 0;
				GCC_PREPROCESSOR_DEFINITIONS = (
					"DEBUG=1",
					"$(inherited)",
				);
				GCC_WARN_64_TO_32_BIT_CONVERSION = YES;
				GCC_WARN_ABOUT_RETURN_TYPE = YES_ERROR;
				GCC_WARN_UNDECLARED_SELECTOR = YES;
				GCC_WARN_UNINITIALIZED_AUTOS = YES_AGGRESSIVE;
				GCC_WARN_UNUSED_FUNCTION = YES;
				GCC_WARN_UNUSED_VARIABLE = YES;
				IPHONEOS_DEPLOYMENT_TARGET = 13.6;
				MTL_ENABLE_DEBUG_INFO = INCLUDE_SOURCE;
				MTL_FAST_MATH = YES;
				ONLY_ACTIVE_ARCH = YES;
				SDKROOT = iphoneos;
				SWIFT_ACTIVE_COMPILATION_CONDITIONS = DEBUG;
				SWIFT_OPTIMIZATION_LEVEL = "-Onone";
			};
			name = Debug;
		};
		F23B210C24DF3B1D0081A48A /* Release */ = {
			isa = XCBuildConfiguration;
			buildSettings = {
				ALWAYS_SEARCH_USER_PATHS = NO;
				CLANG_ANALYZER_NONNULL = YES;
				CLANG_ANALYZER_NUMBER_OBJECT_CONVERSION = YES_AGGRESSIVE;
				CLANG_CXX_LANGUAGE_STANDARD = "gnu++14";
				CLANG_CXX_LIBRARY = "libc++";
				CLANG_ENABLE_MODULES = YES;
				CLANG_ENABLE_OBJC_ARC = YES;
				CLANG_ENABLE_OBJC_WEAK = YES;
				CLANG_WARN_BLOCK_CAPTURE_AUTORELEASING = YES;
				CLANG_WARN_BOOL_CONVERSION = YES;
				CLANG_WARN_COMMA = YES;
				CLANG_WARN_CONSTANT_CONVERSION = YES;
				CLANG_WARN_DEPRECATED_OBJC_IMPLEMENTATIONS = YES;
				CLANG_WARN_DIRECT_OBJC_ISA_USAGE = YES_ERROR;
				CLANG_WARN_DOCUMENTATION_COMMENTS = YES;
				CLANG_WARN_EMPTY_BODY = YES;
				CLANG_WARN_ENUM_CONVERSION = YES;
				CLANG_WARN_INFINITE_RECURSION = YES;
				CLANG_WARN_INT_CONVERSION = YES;
				CLANG_WARN_NON_LITERAL_NULL_CONVERSION = YES;
				CLANG_WARN_OBJC_IMPLICIT_RETAIN_SELF = YES;
				CLANG_WARN_OBJC_LITERAL_CONVERSION = YES;
				CLANG_WARN_OBJC_ROOT_CLASS = YES_ERROR;
				CLANG_WARN_RANGE_LOOP_ANALYSIS = YES;
				CLANG_WARN_STRICT_PROTOTYPES = YES;
				CLANG_WARN_SUSPICIOUS_MOVE = YES;
				CLANG_WARN_UNGUARDED_AVAILABILITY = YES_AGGRESSIVE;
				CLANG_WARN_UNREACHABLE_CODE = YES;
				CLANG_WARN__DUPLICATE_METHOD_MATCH = YES;
				COPY_PHASE_STRIP = NO;
				DEBUG_INFORMATION_FORMAT = "dwarf-with-dsym";
				ENABLE_NS_ASSERTIONS = NO;
				ENABLE_STRICT_OBJC_MSGSEND = YES;
				GCC_C_LANGUAGE_STANDARD = gnu11;
				GCC_NO_COMMON_BLOCKS = YES;
				GCC_WARN_64_TO_32_BIT_CONVERSION = YES;
				GCC_WARN_ABOUT_RETURN_TYPE = YES_ERROR;
				GCC_WARN_UNDECLARED_SELECTOR = YES;
				GCC_WARN_UNINITIALIZED_AUTOS = YES_AGGRESSIVE;
				GCC_WARN_UNUSED_FUNCTION = YES;
				GCC_WARN_UNUSED_VARIABLE = YES;
				IPHONEOS_DEPLOYMENT_TARGET = 13.6;
				MTL_ENABLE_DEBUG_INFO = NO;
				MTL_FAST_MATH = YES;
				SDKROOT = iphoneos;
				SWIFT_COMPILATION_MODE = wholemodule;
				SWIFT_OPTIMIZATION_LEVEL = "-O";
				VALIDATE_PRODUCT = YES;
			};
			name = Release;
		};
		F23B210E24DF3B1D0081A48A /* Debug */ = {
			isa = XCBuildConfiguration;
			buildSettings = {
				ASSETCATALOG_COMPILER_APPICON_NAME = AppIcon;
				CODE_SIGN_STYLE = Automatic;
				DEVELOPMENT_TEAM = 3Y74FH9JPE;
				INFOPLIST_FILE = ToDoey/Info.plist;
				LD_RUNPATH_SEARCH_PATHS = (
					"$(inherited)",
					"@executable_path/Frameworks",
				);
				PRODUCT_BUNDLE_IDENTIFIER = ca.macens.ToDoey;
				PRODUCT_NAME = "$(TARGET_NAME)";
				SWIFT_VERSION = 5.0;
				TARGETED_DEVICE_FAMILY = "1,2";
			};
			name = Debug;
		};
		F23B210F24DF3B1D0081A48A /* Release */ = {
			isa = XCBuildConfiguration;
			buildSettings = {
				ASSETCATALOG_COMPILER_APPICON_NAME = AppIcon;
				CODE_SIGN_STYLE = Automatic;
				DEVELOPMENT_TEAM = 3Y74FH9JPE;
				INFOPLIST_FILE = ToDoey/Info.plist;
				LD_RUNPATH_SEARCH_PATHS = (
					"$(inherited)",
					"@executable_path/Frameworks",
				);
				PRODUCT_BUNDLE_IDENTIFIER = ca.macens.ToDoey;
				PRODUCT_NAME = "$(TARGET_NAME)";
				SWIFT_VERSION = 5.0;
				TARGETED_DEVICE_FAMILY = "1,2";
			};
			name = Release;
		};
/* End XCBuildConfiguration section */

/* Begin XCConfigurationList section */
		F23B20F424DF3B1C0081A48A /* Build configuration list for PBXProject "ToDoey" */ = {
			isa = XCConfigurationList;
			buildConfigurations = (
				F23B210B24DF3B1D0081A48A /* Debug */,
				F23B210C24DF3B1D0081A48A /* Release */,
			);
			defaultConfigurationIsVisible = 0;
			defaultConfigurationName = Release;
		};
		F23B210D24DF3B1D0081A48A /* Build configuration list for PBXNativeTarget "ToDoey" */ = {
			isa = XCConfigurationList;
			buildConfigurations = (
				F23B210E24DF3B1D0081A48A /* Debug */,
				F23B210F24DF3B1D0081A48A /* Release */,
			);
			defaultConfigurationIsVisible = 0;
			defaultConfigurationName = Release;
		};
/* End XCConfigurationList section */
	};
	rootObject = F23B20F124DF3B1C0081A48A /* Project object */;
}
